{
    "_readme": [
        "This file locks the dependencies of your project to a known state",
        "Read more about it at https://getcomposer.org/doc/01-basic-usage.md#composer-lock-the-lock-file",
        "This file is @generated automatically"
    ],
    "hash": "678eb60c96117336cbdd3f1400cc1604",
    "content-hash": "eb6cd330386e6e90a4a99c79caa5f374",
    "packages": [
        {
            "name": "beberlei/assert",
            "version": "v2.4",
            "source": {
                "type": "git",
                "url": "https://github.com/beberlei/assert.git",
                "reference": "7281b1fd8118b31cb9162c2fb5a4cc6f01d62ed6"
            },
            "dist": {
                "type": "zip",
                "url": "https://api.github.com/repos/beberlei/assert/zipball/7281b1fd8118b31cb9162c2fb5a4cc6f01d62ed6",
                "reference": "7281b1fd8118b31cb9162c2fb5a4cc6f01d62ed6",
                "shasum": ""
            },
            "require": {
                "ext-mbstring": "*",
                "php": ">=5.3"
            },
            "require-dev": {
                "phpunit/phpunit": "@stable"
            },
            "type": "library",
            "extra": {
                "branch-alias": {
                    "dev-master": "2.3-dev"
                }
            },
            "autoload": {
                "psr-0": {
                    "Assert": "lib/"
                },
                "files": [
                    "lib/Assert/functions.php"
                ]
            },
            "notification-url": "https://packagist.org/downloads/",
            "license": [
                "BSD-2-Clause"
            ],
            "authors": [
                {
                    "name": "Benjamin Eberlei",
                    "email": "kontakt@beberlei.de"
                }
            ],
            "description": "Thin assertion library for input validation in business models.",
            "keywords": [
                "assert",
                "assertion",
                "validation"
            ],
            "time": "2015-08-21 16:50:17"
        },
        {
            "name": "broadway/broadway",
            "version": "dev-master",
            "source": {
                "type": "git",
                "url": "https://github.com/qandidate-labs/broadway.git",
                "reference": "6fb01e9dc1301e7b932c5798f61fc00ed7660107"
            },
            "dist": {
                "type": "zip",
                "url": "https://api.github.com/repos/qandidate-labs/broadway/zipball/6fb01e9dc1301e7b932c5798f61fc00ed7660107",
                "reference": "6fb01e9dc1301e7b932c5798f61fc00ed7660107",
                "shasum": ""
            },
            "require": {
                "beberlei/assert": "~2.0",
                "broadway/uuid-generator": "~0.1.0",
                "php": ">=5.3.3",
                "ramsey/uuid": "~2.4"
            },
            "require-dev": {
                "doctrine/dbal": "~2.4",
                "doctrine/mongodb": "~1.0",
                "elasticsearch/elasticsearch": "~1.0",
                "instaclick/base-test-bundle": "~0.5",
                "monolog/monolog": "~1.8",
                "symfony/console": "~2.4",
                "symfony/proxy-manager-bridge": "~2.4"
            },
            "suggest": {
                "doctrine/dbal": "For the BroadwayBundle (to persist events)",
                "doctrine/mongodb": "For persisting saga states (required for BroadwayBundle)",
                "elasticsearch/elasticsearch": "For persisting read models (required for BroadwayBundle)",
                "psr/log-implementation": "Implementation for PSR3, LoggerInterface",
                "symfony/console": "For the BroadwayBundle",
                "symfony/proxy-manager-bridge": "For the BroadwayBundle"
            },
            "type": "library",
            "extra": {
                "branch-alias": {
                    "dev-master": "0.8.x-dev"
                }
            },
            "autoload": {
                "psr-0": {
                    "Broadway\\": "src/"
                }
            },
            "notification-url": "https://packagist.org/downloads/",
            "license": [
                "MIT"
            ],
            "authors": [
                {
                    "name": "othillo",
                    "email": "othillo@othillo.nl"
                },
                {
                    "name": "Alexander",
                    "email": "iam.asm89@gmail.com"
                },
                {
                    "name": "Qandidate.com",
                    "homepage": "http://labs.qandidate.com/"
                },
                {
                    "name": "Willem-Jan",
                    "email": "wjzijderveld@gmail.com"
                },
                {
                    "name": "Emil",
                    "email": "emil@broekmeulen.com"
                },
                {
                    "name": "Fritsjan",
                    "email": "fritsjan@qandidate.com"
                }
            ],
            "description": "Infrastructure and testing helpers for creating CQRS and event sourced applications.",
            "keywords": [
                "cqrs",
                "ddd",
                "domain-driven design",
                "event sourcing"
            ],
            "time": "2015-08-10 09:23:44"
        },
        {
            "name": "broadway/uuid-generator",
            "version": "0.1.0",
            "source": {
                "type": "git",
                "url": "https://github.com/qandidate-labs/broadway-uuid-generator.git",
                "reference": "58380b723c671807131fe9ac0ff077f162be47bb"
            },
            "dist": {
                "type": "zip",
                "url": "https://api.github.com/repos/qandidate-labs/broadway-uuid-generator/zipball/58380b723c671807131fe9ac0ff077f162be47bb",
                "reference": "58380b723c671807131fe9ac0ff077f162be47bb",
                "shasum": ""
            },
            "require-dev": {
                "rhumsaa/uuid": "~2.4"
            },
            "suggest": {
                "rhumsaa/uuid": "Allows creating UUIDs"
            },
            "type": "library",
            "autoload": {
                "psr-0": {
                    "Broadway\\UuidGenerator\\": "src/"
                }
            },
            "notification-url": "https://packagist.org/downloads/",
            "license": [
                "MIT"
            ],
            "description": "UUID generator for broadway/broadway.",
            "time": "2014-09-12 14:14:07"
        },
        {
            "name": "ramsey/uuid",
            "version": "2.8.3",
            "source": {
                "type": "git",
                "url": "https://github.com/ramsey/uuid.git",
                "reference": "767a5b5f70cd990c04ef21d8374794d1a02fa9e8"
            },
            "dist": {
                "type": "zip",
                "url": "https://api.github.com/repos/ramsey/uuid/zipball/767a5b5f70cd990c04ef21d8374794d1a02fa9e8",
                "reference": "767a5b5f70cd990c04ef21d8374794d1a02fa9e8",
                "shasum": ""
            },
            "require": {
                "php": ">=5.3.3"
            },
            "replace": {
                "rhumsaa/uuid": "self.version"
            },
            "require-dev": {
                "doctrine/dbal": ">=2.3",
                "jakub-onderka/php-parallel-lint": "^0.9.0",
                "moontoast/math": "~1.1",
                "phpunit/phpunit": "~4.1",
                "satooshi/php-coveralls": "~0.6",
                "squizlabs/php_codesniffer": "^2.3",
                "symfony/console": "~2.3"
            },
            "suggest": {
                "doctrine/dbal": "Allow the use of a UUID as doctrine field type.",
                "moontoast/math": "Support for converting UUID to 128-bit integer (in string form).",
                "symfony/console": "Support for use of the bin/uuid command line tool."
            },
            "bin": [
                "bin/uuid"
            ],
            "type": "library",
            "autoload": {
                "psr-4": {
                    "Rhumsaa\\Uuid\\": "src/"
                }
            },
            "notification-url": "https://packagist.org/downloads/",
            "license": [
                "MIT"
            ],
            "authors": [
                {
                    "name": "Marijn Huizendveld",
                    "email": "marijn.huizendveld@gmail.com"
                },
                {
                    "name": "Ben Ramsey",
                    "homepage": "http://benramsey.com"
                }
            ],
            "description": "A PHP 5.3+ library for generating RFC 4122 version 1, 3, 4, and 5 universally unique identifiers (UUID).",
            "homepage": "https://github.com/ramsey/uuid",
            "keywords": [
                "guid",
                "identifier",
                "uuid"
            ],
            "time": "2015-08-31 13:34:50"
        }
    ],
    "packages-dev": [],
    "aliases": [],
    "minimum-stability": "stable",
    "stability-flags": {
        "broadway/broadway": 20
    },
    "prefer-stable": false,
    "prefer-lowest": false,
    "platform": [],
    "platform-dev": []
}
